<?xml version="1.0" encoding="utf-8"?>
<Project ToolsVersion="4.0" xmlns="http://schemas.microsoft.com/developer/msbuild/2003">
  <ItemGroup>
    <Filter Include="소스 파일">
      <UniqueIdentifier>{4FC737F1-C7A5-4376-A066-2A32D752A2FF}</UniqueIdentifier>
      <Extensions>cpp;c;cc;cxx;c++;cppm;ixx;def;odl;idl;hpj;bat;asm;asmx</Extensions>
    </Filter>
    <Filter Include="헤더 파일">
      <UniqueIdentifier>{93995380-89BD-4b04-88EB-625FBE52EBFB}</UniqueIdentifier>
      <Extensions>h;hh;hpp;hxx;h++;hm;inl;inc;ipp;xsd</Extensions>
    </Filter>
    <Filter Include="리소스 파일">
      <UniqueIdentifier>{67DA6AB6-F800-4c08-8B7A-83BB121AAD01}</UniqueIdentifier>
      <Extensions>rc;ico;cur;bmp;dlg;rc2;rct;bin;rgs;gif;jpg;jpeg;jpe;resx;tiff;tif;png;wav;mfcribbon-ms</Extensions>
    </Filter>
    <Filter Include="소스 파일\00 MainUpdate">
      <UniqueIdentifier>{0d03f036-f049-4a1b-86aa-6aa3dec4771c}</UniqueIdentifier>
    </Filter>
    <Filter Include="소스 파일\01 Object">
      <UniqueIdentifier>{e028285e-e843-402e-ba08-031b46fd3498}</UniqueIdentifier>
    </Filter>
    <Filter Include="소스 파일\01 Object\Child">
      <UniqueIdentifier>{261c8946-17ac-466e-a4f0-cbf8d9a75774}</UniqueIdentifier>
    </Filter>
    <Filter Include="소스 파일\02 Scene">
      <UniqueIdentifier>{1c655546-1950-4c7f-938a-559b9b6a8cb2}</UniqueIdentifier>
    </Filter>
    <Filter Include="소스 파일\02 Scene\Logo">
      <UniqueIdentifier>{531f7f35-0cf7-4645-a3bf-217fa3ba04db}</UniqueIdentifier>
    </Filter>
    <Filter Include="소스 파일\02 Scene\Menu">
      <UniqueIdentifier>{2c553fb5-5de1-4f84-aa60-0d95602d8480}</UniqueIdentifier>
    </Filter>
    <Filter Include="소스 파일\02 Scene\Stage">
      <UniqueIdentifier>{c94e9144-86a3-45ce-9833-25b6632bb225}</UniqueIdentifier>
    </Filter>
    <Filter Include="소스 파일\99 Manager">
      <UniqueIdentifier>{07bde8b8-3e3a-4741-a3b8-5d93aa70656d}</UniqueIdentifier>
    </Filter>
    <Filter Include="헤더 파일\Include">
      <UniqueIdentifier>{e1870c2a-0a7a-4c9c-89c3-07a6ced91911}</UniqueIdentifier>
    </Filter>
    <Filter Include="소스 파일\99 Manager\ObjectManager">
      <UniqueIdentifier>{a1d95ff6-1385-4e2a-ade8-a4c95ec55325}</UniqueIdentifier>
    </Filter>
    <Filter Include="소스 파일\99 Manager\ScaneManager">
      <UniqueIdentifier>{8654fa67-2582-40d5-893f-1f99c35a4aad}</UniqueIdentifier>
    </Filter>
    <Filter Include="소스 파일\99 Manager\CursorManager">
      <UniqueIdentifier>{807cdb4b-be8f-4076-88bb-62683422e340}</UniqueIdentifier>
    </Filter>
  </ItemGroup>
  <ItemGroup>
    <ClCompile Include="Main.cpp">
      <Filter>소스 파일</Filter>
    </ClCompile>
    <ClCompile Include="MainUpdate.cpp">
      <Filter>소스 파일\00 MainUpdate</Filter>
    </ClCompile>
    <ClCompile Include="Object.cpp">
      <Filter>소스 파일\01 Object</Filter>
    </ClCompile>
    <ClCompile Include="Child.cpp">
      <Filter>소스 파일\01 Object\Child</Filter>
    </ClCompile>
    <ClCompile Include="Logo.cpp">
      <Filter>소스 파일\02 Scene\Logo</Filter>
    </ClCompile>
    <ClCompile Include="Menu.cpp">
      <Filter>소스 파일\02 Scene\Menu</Filter>
    </ClCompile>
    <ClCompile Include="Stage.cpp">
      <Filter>소스 파일\02 Scene\Stage</Filter>
    </ClCompile>
    <ClCompile Include="Scene.cpp">
      <Filter>소스 파일\02 Scene</Filter>
    </ClCompile>
    <ClCompile Include="ObjectManager.cpp">
      <Filter>소스 파일\99 Manager\ObjectManager</Filter>
    </ClCompile>
    <ClCompile Include="ScaneManager.cpp">
      <Filter>소스 파일\99 Manager\ScaneManager</Filter>
    </ClCompile>
  </ItemGroup>
  <ItemGroup>
    <ClInclude Include="MainUpdate.h">
      <Filter>소스 파일\00 MainUpdate</Filter>
    </ClInclude>
    <ClInclude Include="Child.h">
      <Filter>소스 파일\01 Object\Child</Filter>
    </ClInclude>
    <ClInclude Include="Object.h">
      <Filter>소스 파일\01 Object</Filter>
    </ClInclude>
    <ClInclude Include="Logo.h">
      <Filter>소스 파일\02 Scene\Logo</Filter>
    </ClInclude>
    <ClInclude Include="Menu.h">
      <Filter>소스 파일\02 Scene\Menu</Filter>
    </ClInclude>
    <ClInclude Include="Stage.h">
      <Filter>소스 파일\02 Scene\Stage</Filter>
    </ClInclude>
    <ClInclude Include="Enum.h">
      <Filter>헤더 파일\Include</Filter>
    </ClInclude>
    <ClInclude Include="Scene.h">
      <Filter>소스 파일\02 Scene</Filter>
    </ClInclude>
    <ClInclude Include="ObjectManager.h">
      <Filter>소스 파일\99 Manager\ObjectManager</Filter>
    </ClInclude>
    <ClInclude Include="ScaneManager.h">
      <Filter>소스 파일\99 Manager\ScaneManager</Filter>
    </ClInclude>
    <ClInclude Include="Struct.h">
      <Filter>헤더 파일\Include</Filter>
    </ClInclude>
    <ClInclude Include="Headers.h">
      <Filter>헤더 파일</Filter>
    </ClInclude>
    <ClInclude Include="CursorManager.h">
      <Filter>소스 파일\99 Manager\CursorManager</Filter>
    </ClInclude>
    <ClInclude Include="Constant.h">
      <Filter>헤더 파일</Filter>
    </ClInclude>
  </ItemGroup>
</Project>